# @generated - this file is auto-generated by `mise lock` https://mise.jdx.dev/dev-tools/mise-lock.html

[[tools.actionlint]]
version = "1.7.12"
backend = "aqua:rhysd/actionlint"

[tools.actionlint."platforms.linux-arm64"]
checksum = "sha256:325e971b6ba9bfa504672e29be93c24981eeb1c07576d730e9f7c8805afff0c6"
url = "https://github.com/rhysd/actionlint/releases/download/v1.7.12/actionlint_1.7.12_linux_arm64.tar.gz"
provenance = "github-attestations"

[tools.actionlint."platforms.linux-arm64-musl"]
checksum = "sha256:325e971b6ba9bfa504672e29be93c24981eeb1c07576d730e9f7c8805afff0c6"
url = "https://github.com/rhysd/actionlint/releases/download/v1.7.12/actionlint_1.7.12_linux_arm64.tar.gz"
provenance = "github-attestations"

[tools.actionlint."platforms.linux-x64"]
checksum = "sha256:8aca8db96f1b94770f1b0d72b6dddcb1ebb8123cb3712530b08cc387b349a3d8"
url = "https://github.com/rhysd/actionlint/releases/download/v1.7.12/actionlint_1.7.12_linux_amd64.tar.gz"
provenance = "github-attestations"

[tools.actionlint."platforms.linux-x64-baseline"]
checksum = "sha256:8aca8db96f1b94770f1b0d72b6dddcb1ebb8123cb3712530b08cc387b349a3d8"
url = "https://github.com/rhysd/actionlint/releases/download/v1.7.12/actionlint_1.7.12_linux_amd64.tar.gz"
provenance = "github-attestations"

[tools.actionlint."platforms.linux-x64-musl"]
checksum = "sha256:8aca8db96f1b94770f1b0d72b6dddcb1ebb8123cb3712530b08cc387b349a3d8"
url = "https://github.com/rhysd/actionlint/releases/download/v1.7.12/actionlint_1.7.12_linux_amd64.tar.gz"
provenance = "github-attestations"

[tools.actionlint."platforms.linux-x64-musl-baseline"]
checksum = "sha256:8aca8db96f1b94770f1b0d72b6dddcb1ebb8123cb3712530b08cc387b349a3d8"
url = "https://github.com/rhysd/actionlint/releases/download/v1.7.12/actionlint_1.7.12_linux_amd64.tar.gz"
provenance = "github-attestations"

[tools.actionlint."platforms.macos-arm64"]
checksum = "sha256:aba9ced2dee8d27fecca3dc7feb1a7f9a52caefa1eb46f3271ea66b6e0e6953f"
url = "https://github.com/rhysd/actionlint/releases/download/v1.7.12/actionlint_1.7.12_darwin_arm64.tar.gz"
provenance = "github-attestations"

[tools.actionlint."platforms.macos-x64"]
checksum = "sha256:5b44c3bc2255115c9b69e30efc0fecdf498fdb63c5d58e17084fd5f16324c644"
url = "https://github.com/rhysd/actionlint/releases/download/v1.7.12/actionlint_1.7.12_darwin_amd64.tar.gz"
provenance = "github-attestations"

[tools.actionlint."platforms.macos-x64-baseline"]
checksum = "sha256:5b44c3bc2255115c9b69e30efc0fecdf498fdb63c5d58e17084fd5f16324c644"
url = "https://github.com/rhysd/actionlint/releases/download/v1.7.12/actionlint_1.7.12_darwin_amd64.tar.gz"
provenance = "github-attestations"

[tools.actionlint."platforms.windows-x64"]
checksum = "sha256:6e7241b51e6817ea6a047693d8e6fed13b31819c9a0dd6c5a726e1592d22f6e9"
url = "https://github.com/rhysd/actionlint/releases/download/v1.7.12/actionlint_1.7.12_windows_amd64.zip"
provenance = "github-attestations"

[tools.actionlint."platforms.windows-x64-baseline"]
checksum = "sha256:6e7241b51e6817ea6a047693d8e6fed13b31819c9a0dd6c5a726e1592d22f6e9"
url = "https://github.com/rhysd/actionlint/releases/download/v1.7.12/actionlint_1.7.12_windows_amd64.zip"
provenance = "github-attestations"

[[tools.bun]]
version = "1.3.12"
backend = "core:bun"

[tools.bun."platforms.linux-arm64"]
checksum = "sha256:c40bc0ebca11bde7d75af497a654a874d0c7fd8d6a8d6031c173c10c9064297b"
url = "https://github.com/oven-sh/bun/releases/download/bun-v1.3.12/bun-linux-aarch64.zip"

[tools.bun."platforms.linux-arm64-musl"]
checksum = "sha256:731baab945bc471c17248ea375e66f71442879d2595c54045b3e861f4e8b9ab1"
url = "https://github.com/oven-sh/bun/releases/download/bun-v1.3.12/bun-linux-aarch64-musl.zip"

[tools.bun."platforms.linux-x64"]
checksum = "sha256:11dc3ee11bc1695e149737c6ca3d5619302cf4346e6b8a6ec7988967ef01ddc5"
url = "https://github.com/oven-sh/bun/releases/download/bun-v1.3.12/bun-linux-x64.zip"

[tools.bun."platforms.linux-x64-baseline"]
checksum = "sha256:f8bb377a9ae93d44697ff91a2611164d2aedc9263415d623b0c3af24a6f55dab"
url = "https://github.com/oven-sh/bun/releases/download/bun-v1.3.12/bun-linux-x64-baseline.zip"

[tools.bun."platforms.linux-x64-musl"]
checksum = "sha256:5a9f9a2102d4bd0d5210b4f6bd345151d2310623947085177c1b306e8587dce6"
url = "https://github.com/oven-sh/bun/releases/download/bun-v1.3.12/bun-linux-x64-musl.zip"

[tools.bun."platforms.linux-x64-musl-baseline"]
checksum = "sha256:a95e079aef96f1387b86e27b69f9a6babbd08154d9a59483f29d9de285b8e3ad"
url = "https://github.com/oven-sh/bun/releases/download/bun-v1.3.12/bun-linux-x64-musl-baseline.zip"

[tools.bun."platforms.macos-arm64"]
checksum = "sha256:6c4bb87dd013ed1a8d6a16e357a3d094959fd5530b4d7061f7f3680c3c7cea1c"
url = "https://github.com/oven-sh/bun/releases/download/bun-v1.3.12/bun-darwin-aarch64.zip"

[tools.bun."platforms.macos-x64"]
checksum = "sha256:0f58c53a3e7947f1e626d2f8d285f97c14b7cadcca9c09ebafc0ae9d35b58c3d"
url = "https://github.com/oven-sh/bun/releases/download/bun-v1.3.12/bun-darwin-x64.zip"

[tools.bun."platforms.macos-x64-baseline"]
checksum = "sha256:cc4e22130c2bc2d944d3a286de08f2ed37fa74136e59760f3a4661e610246474"
url = "https://github.com/oven-sh/bun/releases/download/bun-v1.3.12/bun-darwin-x64-baseline.zip"

[tools.bun."platforms.windows-x64"]
checksum = "sha256:841ff9c5dffcaa3a2620d1e3f87ee500f32a4ca830b001cade7a3479609d4a89"
url = "https://github.com/oven-sh/bun/releases/download/bun-v1.3.12/bun-windows-x64.zip"

[tools.bun."platforms.windows-x64-baseline"]
checksum = "sha256:2d3d5f88a95943563f56f3643c8f4e2422261018f6d915329bb2fb33f7256ba2"
url = "https://github.com/oven-sh/bun/releases/download/bun-v1.3.12/bun-windows-x64-baseline.zip"

[[tools.cargo-binstall]]
version = "1.18.1"
backend = "aqua:cargo-bins/cargo-binstall"

[tools.cargo-binstall."platforms.linux-arm64"]
checksum = "sha256:c55962a0115f9716b709216de7f8bdd59d6ba8738779e60b051b4593f677717a"
url = "https://github.com/cargo-bins/cargo-binstall/releases/download/v1.18.1/cargo-binstall-aarch64-unknown-linux-musl.tgz"

[tools.cargo-binstall."platforms.linux-arm64-musl"]
checksum = "sha256:c55962a0115f9716b709216de7f8bdd59d6ba8738779e60b051b4593f677717a"
url = "https://github.com/cargo-bins/cargo-binstall/releases/download/v1.18.1/cargo-binstall-aarch64-unknown-linux-musl.tgz"

[tools.cargo-binstall."platforms.linux-x64"]
checksum = "sha256:cf2a4b54494ea8555d6349685e9a301efc1051d9fba6308c76914b2486f8700f"
url = "https://github.com/cargo-bins/cargo-binstall/releases/download/v1.18.1/cargo-binstall-x86_64-unknown-linux-musl.tgz"

[tools.cargo-binstall."platforms.linux-x64-baseline"]
checksum = "sha256:cf2a4b54494ea8555d6349685e9a301efc1051d9fba6308c76914b2486f8700f"
url = "https://github.com/cargo-bins/cargo-binstall/releases/download/v1.18.1/cargo-binstall-x86_64-unknown-linux-musl.tgz"

[tools.cargo-binstall."platforms.linux-x64-musl"]
checksum = "sha256:cf2a4b54494ea8555d6349685e9a301efc1051d9fba6308c76914b2486f8700f"
url = "https://github.com/cargo-bins/cargo-binstall/releases/download/v1.18.1/cargo-binstall-x86_64-unknown-linux-musl.tgz"

[tools.cargo-binstall."platforms.linux-x64-musl-baseline"]
checksum = "sha256:cf2a4b54494ea8555d6349685e9a301efc1051d9fba6308c76914b2486f8700f"
url = "https://github.com/cargo-bins/cargo-binstall/releases/download/v1.18.1/cargo-binstall-x86_64-unknown-linux-musl.tgz"

[tools.cargo-binstall."platforms.macos-arm64"]
checksum = "sha256:955abf167994c90f3547e233edace4c0f794465dd4aa408249b38999aa5ca3cf"
url = "https://github.com/cargo-bins/cargo-binstall/releases/download/v1.18.1/cargo-binstall-aarch64-apple-darwin.zip"

[tools.cargo-binstall."platforms.macos-x64"]
checksum = "sha256:e06370bec7143668653bb7c09d0b8b689fc703dd4fa58ec5847c4b571d8a490d"
url = "https://github.com/cargo-bins/cargo-binstall/releases/download/v1.18.1/cargo-binstall-x86_64-apple-darwin.zip"

[tools.cargo-binstall."platforms.macos-x64-baseline"]
checksum = "sha256:e06370bec7143668653bb7c09d0b8b689fc703dd4fa58ec5847c4b571d8a490d"
url = "https://github.com/cargo-bins/cargo-binstall/releases/download/v1.18.1/cargo-binstall-x86_64-apple-darwin.zip"

[tools.cargo-binstall."platforms.windows-x64"]
checksum = "sha256:89706aa5215c164d8d091597a470fee72308ac87e8553af395ea77db844a888c"
url = "https://github.com/cargo-bins/cargo-binstall/releases/download/v1.18.1/cargo-binstall-x86_64-pc-windows-msvc.zip"

[tools.cargo-binstall."platforms.windows-x64-baseline"]
checksum = "sha256:89706aa5215c164d8d091597a470fee72308ac87e8553af395ea77db844a888c"
url = "https://github.com/cargo-bins/cargo-binstall/releases/download/v1.18.1/cargo-binstall-x86_64-pc-windows-msvc.zip"

[[tools.cargo-insta]]
version = "1.47.2"
backend = "aqua:mitsuhiko/insta"

[tools.cargo-insta."platforms.linux-x64"]
checksum = "sha256:1c2a2e82200b430f6fa27b6d0ba0059573eae2f32b0b8aa54446184ab7b46ee7"
url = "https://github.com/mitsuhiko/insta/releases/download/1.47.2/cargo-insta-x86_64-unknown-linux-musl.tar.xz"

[tools.cargo-insta."platforms.linux-x64-baseline"]
checksum = "sha256:1c2a2e82200b430f6fa27b6d0ba0059573eae2f32b0b8aa54446184ab7b46ee7"
url = "https://github.com/mitsuhiko/insta/releases/download/1.47.2/cargo-insta-x86_64-unknown-linux-musl.tar.xz"

[tools.cargo-insta."platforms.linux-x64-musl"]
checksum = "sha256:1c2a2e82200b430f6fa27b6d0ba0059573eae2f32b0b8aa54446184ab7b46ee7"
url = "https://github.com/mitsuhiko/insta/releases/download/1.47.2/cargo-insta-x86_64-unknown-linux-musl.tar.xz"

[tools.cargo-insta."platforms.linux-x64-musl-baseline"]
checksum = "sha256:1c2a2e82200b430f6fa27b6d0ba0059573eae2f32b0b8aa54446184ab7b46ee7"
url = "https://github.com/mitsuhiko/insta/releases/download/1.47.2/cargo-insta-x86_64-unknown-linux-musl.tar.xz"

[tools.cargo-insta."platforms.macos-arm64"]
checksum = "sha256:4876319b5201b875188351445b754db09f7674b506daa983634c95d6d44ca51e"
url = "https://github.com/mitsuhiko/insta/releases/download/1.47.2/cargo-insta-aarch64-apple-darwin.tar.xz"

[tools.cargo-insta."platforms.macos-x64"]
checksum = "sha256:62efa25c4e9f8182c16ae46f58bc3e9c8fdbe74aaf0409d3ed06909a70d128a5"
url = "https://github.com/mitsuhiko/insta/releases/download/1.47.2/cargo-insta-x86_64-apple-darwin.tar.xz"

[tools.cargo-insta."platforms.macos-x64-baseline"]
checksum = "sha256:62efa25c4e9f8182c16ae46f58bc3e9c8fdbe74aaf0409d3ed06909a70d128a5"
url = "https://github.com/mitsuhiko/insta/releases/download/1.47.2/cargo-insta-x86_64-apple-darwin.tar.xz"

[tools.cargo-insta."platforms.windows-x64"]
checksum = "sha256:2f2ffcdda5608f78de53509bdd6a5feba185dad9490b5aad951c35bf8c37fa9e"
url = "https://github.com/mitsuhiko/insta/releases/download/1.47.2/cargo-insta-x86_64-pc-windows-msvc.zip"

[tools.cargo-insta."platforms.windows-x64-baseline"]
checksum = "sha256:2f2ffcdda5608f78de53509bdd6a5feba185dad9490b5aad951c35bf8c37fa9e"
url = "https://github.com/mitsuhiko/insta/releases/download/1.47.2/cargo-insta-x86_64-pc-windows-msvc.zip"

[[tools."cargo:cargo-audit"]]
version = "0.22.1"
backend = "cargo:cargo-audit"

[[tools."cargo:cargo-auditable"]]
version = "0.7.4"
backend = "cargo:cargo-auditable"

[[tools."cargo:cargo-cyclonedx"]]
version = "0.5.9"
backend = "cargo:cargo-cyclonedx"

[[tools."cargo:cargo-deny"]]
version = "0.19.4"
backend = "cargo:cargo-deny"

[[tools."cargo:cargo-llvm-cov"]]
version = "0.8.5"
backend = "cargo:cargo-llvm-cov"

[[tools."cargo:cargo-nextest"]]
version = "0.9.133"
backend = "cargo:cargo-nextest"

[[tools."cargo:cargo-outdated"]]
version = "0.19.0"
backend = "cargo:cargo-outdated"

[[tools."cargo:cargo-release"]]
version = "1.1.2"
backend = "cargo:cargo-release"

[[tools."cargo:cargo-zigbuild"]]
version = "0.22.2"
backend = "cargo:cargo-zigbuild"

[[tools."cargo:mdbook"]]
version = "0.5.2"
backend = "cargo:mdbook"

[[tools."cargo:mdbook-admonish"]]
version = "1.20.0"
backend = "cargo:mdbook-admonish"

[[tools."cargo:mdbook-i18n-helpers"]]
version = "0.4.0"
backend = "cargo:mdbook-i18n-helpers"

[[tools."cargo:mdbook-linkcheck"]]
version = "0.7.7"
backend = "cargo:mdbook-linkcheck"

[[tools."cargo:mdbook-mermaid"]]
version = "0.17.0"
backend = "cargo:mdbook-mermaid"

[[tools."cargo:mdbook-open-on-gh"]]
version = "3.0.0"
backend = "cargo:mdbook-open-on-gh"

[[tools."cargo:mdbook-tabs"]]
version = "0.3.4"
backend = "cargo:mdbook-tabs"

[[tools."cargo:mdbook-toc"]]
version = "0.15.3"
backend = "cargo:mdbook-toc"

[[tools.goreleaser]]
version = "2.15.3"
backend = "aqua:goreleaser/goreleaser"

[tools.goreleaser."platforms.linux-arm64"]
checksum = "sha256:646b8f36329cf1ec02af18d40e7096973f62524bdef19c3690414e390a9f757d"
url = "https://github.com/goreleaser/goreleaser/releases/download/v2.15.3/goreleaser_Linux_arm64.tar.gz"
provenance = "github-attestations"

[tools.goreleaser."platforms.linux-arm64-musl"]
checksum = "sha256:646b8f36329cf1ec02af18d40e7096973f62524bdef19c3690414e390a9f757d"
url = "https://github.com/goreleaser/goreleaser/releases/download/v2.15.3/goreleaser_Linux_arm64.tar.gz"
provenance = "github-attestations"

[tools.goreleaser."platforms.linux-x64"]
checksum = "sha256:3b24b3a1629be21a9527d2f46f08b9bbf012c52fe33395714fe2c70acee57e0f"
url = "https://github.com/goreleaser/goreleaser/releases/download/v2.15.3/goreleaser_Linux_x86_64.tar.gz"
provenance = "github-attestations"

[tools.goreleaser."platforms.linux-x64-baseline"]
checksum = "sha256:3b24b3a1629be21a9527d2f46f08b9bbf012c52fe33395714fe2c70acee57e0f"
url = "https://github.com/goreleaser/goreleaser/releases/download/v2.15.3/goreleaser_Linux_x86_64.tar.gz"
provenance = "github-attestations"

[tools.goreleaser."platforms.linux-x64-musl"]
checksum = "sha256:3b24b3a1629be21a9527d2f46f08b9bbf012c52fe33395714fe2c70acee57e0f"
url = "https://github.com/goreleaser/goreleaser/releases/download/v2.15.3/goreleaser_Linux_x86_64.tar.gz"
provenance = "github-attestations"

[tools.goreleaser."platforms.linux-x64-musl-baseline"]
checksum = "sha256:3b24b3a1629be21a9527d2f46f08b9bbf012c52fe33395714fe2c70acee57e0f"
url = "https://github.com/goreleaser/goreleaser/releases/download/v2.15.3/goreleaser_Linux_x86_64.tar.gz"
provenance = "github-attestations"

[tools.goreleaser."platforms.macos-arm64"]
checksum = "sha256:b8525b87b2cc722efd8dc5cd2af95d9f3a6e69dcb73990131e18e1d2372cf579"
url = "https://github.com/goreleaser/goreleaser/releases/download/v2.15.3/goreleaser_Darwin_all.tar.gz"
provenance = "github-attestations"

[tools.goreleaser."platforms.macos-x64"]
checksum = "sha256:b8525b87b2cc722efd8dc5cd2af95d9f3a6e69dcb73990131e18e1d2372cf579"
url = "https://github.com/goreleaser/goreleaser/releases/download/v2.15.3/goreleaser_Darwin_all.tar.gz"
provenance = "github-attestations"

[tools.goreleaser."platforms.macos-x64-baseline"]
checksum = "sha256:b8525b87b2cc722efd8dc5cd2af95d9f3a6e69dcb73990131e18e1d2372cf579"
url = "https://github.com/goreleaser/goreleaser/releases/download/v2.15.3/goreleaser_Darwin_all.tar.gz"
provenance = "github-attestations"

[tools.goreleaser."platforms.windows-x64"]
checksum = "sha256:8722fdebfc23e10a36356ddd59af0c1f52c4120ca847afd091bd34e09d8aae8c"
url = "https://github.com/goreleaser/goreleaser/releases/download/v2.15.3/goreleaser_Windows_x86_64.zip"
provenance = "github-attestations"

[tools.goreleaser."platforms.windows-x64-baseline"]
checksum = "sha256:8722fdebfc23e10a36356ddd59af0c1f52c4120ca847afd091bd34e09d8aae8c"
url = "https://github.com/goreleaser/goreleaser/releases/download/v2.15.3/goreleaser_Windows_x86_64.zip"
provenance = "github-attestations"

[[tools.just]]
version = "1.49.0"
backend = "aqua:casey/just"

[tools.just."platforms.linux-arm64"]
checksum = "sha256:993b78f51004248114af22368f69715541542b3c9941c80e02f8ae10eb404ae0"
url = "https://github.com/casey/just/releases/download/1.49.0/just-1.49.0-aarch64-unknown-linux-musl.tar.gz"

[tools.just."platforms.linux-arm64-musl"]
checksum = "sha256:993b78f51004248114af22368f69715541542b3c9941c80e02f8ae10eb404ae0"
url = "https://github.com/casey/just/releases/download/1.49.0/just-1.49.0-aarch64-unknown-linux-musl.tar.gz"

[tools.just."platforms.linux-x64"]
checksum = "sha256:05eb2f068b641b06e5b318796c2e27d4dcca608e65b34329a08c1b9f582611bd"
url = "https://github.com/casey/just/releases/download/1.49.0/just-1.49.0-x86_64-unknown-linux-musl.tar.gz"

[tools.just."platforms.linux-x64-baseline"]
checksum = "sha256:05eb2f068b641b06e5b318796c2e27d4dcca608e65b34329a08c1b9f582611bd"
url = "https://github.com/casey/just/releases/download/1.49.0/just-1.49.0-x86_64-unknown-linux-musl.tar.gz"

[tools.just."platforms.linux-x64-musl"]
checksum = "sha256:05eb2f068b641b06e5b318796c2e27d4dcca608e65b34329a08c1b9f582611bd"
url = "https://github.com/casey/just/releases/download/1.49.0/just-1.49.0-x86_64-unknown-linux-musl.tar.gz"

[tools.just."platforms.linux-x64-musl-baseline"]
checksum = "sha256:05eb2f068b641b06e5b318796c2e27d4dcca608e65b34329a08c1b9f582611bd"
url = "https://github.com/casey/just/releases/download/1.49.0/just-1.49.0-x86_64-unknown-linux-musl.tar.gz"

[tools.just."platforms.macos-arm64"]
checksum = "sha256:d21b20df01ec9b9762b0ef08e56ae8dccf3738770edeafa8d2b3a750aee06d78"
url = "https://github.com/casey/just/releases/download/1.49.0/just-1.49.0-aarch64-apple-darwin.tar.gz"

[tools.just."platforms.macos-x64"]
checksum = "sha256:e0b83a9352952ab25e5cf13f6cb03dd1872416e5d89388b56d6ca58f11b0a3a8"
url = "https://github.com/casey/just/releases/download/1.49.0/just-1.49.0-x86_64-apple-darwin.tar.gz"

[tools.just."platforms.macos-x64-baseline"]
checksum = "sha256:e0b83a9352952ab25e5cf13f6cb03dd1872416e5d89388b56d6ca58f11b0a3a8"
url = "https://github.com/casey/just/releases/download/1.49.0/just-1.49.0-x86_64-apple-darwin.tar.gz"

[tools.just."platforms.windows-x64"]
checksum = "sha256:657338772efd17a31d67285bb5ed691da87741e44311c0366273c6cb7d913b15"
url = "https://github.com/casey/just/releases/download/1.49.0/just-1.49.0-x86_64-pc-windows-msvc.zip"

[tools.just."platforms.windows-x64-baseline"]
checksum = "sha256:657338772efd17a31d67285bb5ed691da87741e44311c0366273c6cb7d913b15"
url = "https://github.com/casey/just/releases/download/1.49.0/just-1.49.0-x86_64-pc-windows-msvc.zip"

[[tools.lychee]]
version = "0.23.0"
backend = "aqua:lycheeverse/lychee"

[tools.lychee."platforms.linux-arm64"]
checksum = "sha256:97eb93b02a7d78a752fc33e5b0983439ccaadbf3db952b68a0a4401acd92e6e0"
url = "https://github.com/lycheeverse/lychee/releases/download/lychee-v0.23.0/lychee-aarch64-unknown-linux-gnu.tar.gz"

[tools.lychee."platforms.linux-arm64-musl"]
checksum = "sha256:97eb93b02a7d78a752fc33e5b0983439ccaadbf3db952b68a0a4401acd92e6e0"
url = "https://github.com/lycheeverse/lychee/releases/download/lychee-v0.23.0/lychee-aarch64-unknown-linux-gnu.tar.gz"

[tools.lychee."platforms.linux-x64"]
checksum = "sha256:5538440d2c69a45a0a09983271e5dee0c2fe7137d8035d25b2632e10a66a090a"
url = "https://github.com/lycheeverse/lychee/releases/download/lychee-v0.23.0/lychee-x86_64-unknown-linux-musl.tar.gz"

[tools.lychee."platforms.linux-x64-baseline"]
checksum = "sha256:5538440d2c69a45a0a09983271e5dee0c2fe7137d8035d25b2632e10a66a090a"
url = "https://github.com/lycheeverse/lychee/releases/download/lychee-v0.23.0/lychee-x86_64-unknown-linux-musl.tar.gz"

[tools.lychee."platforms.linux-x64-musl"]
checksum = "sha256:5538440d2c69a45a0a09983271e5dee0c2fe7137d8035d25b2632e10a66a090a"
url = "https://github.com/lycheeverse/lychee/releases/download/lychee-v0.23.0/lychee-x86_64-unknown-linux-musl.tar.gz"

[tools.lychee."platforms.linux-x64-musl-baseline"]
checksum = "sha256:5538440d2c69a45a0a09983271e5dee0c2fe7137d8035d25b2632e10a66a090a"
url = "https://github.com/lycheeverse/lychee/releases/download/lychee-v0.23.0/lychee-x86_64-unknown-linux-musl.tar.gz"

[tools.lychee."platforms.macos-arm64"]
checksum = "sha256:4c8034900e11083b68ac6f6582c377ff1f704e268991999e09d717973e493e7f"
url = "https://github.com/lycheeverse/lychee/releases/download/lychee-v0.23.0/lychee-arm64-macos.dmg"

[tools.lychee."platforms.windows-x64"]
checksum = "sha256:0fda7ff0a60c0250939fc25361c2d4e6e7853c31c996733fdd5a1dd760bcb824"
url = "https://github.com/lycheeverse/lychee/releases/download/lychee-v0.23.0/lychee-x86_64-windows.exe"

[tools.lychee."platforms.windows-x64-baseline"]
checksum = "sha256:0fda7ff0a60c0250939fc25361c2d4e6e7853c31c996733fdd5a1dd760bcb824"
url = "https://github.com/lycheeverse/lychee/releases/download/lychee-v0.23.0/lychee-x86_64-windows.exe"

[[tools.markdownlint-cli2]]
version = "0.22.0"
backend = "npm:markdownlint-cli2"

[[tools."pipx:mdformat"]]
version = "1.0.0"
backend = "pipx:mdformat"

[tools."pipx:mdformat".options]
uvx_args = "--with mdformat-gfm --with mdformat-config --with mdformat-footnote --with mdformat-front-matters --with mdformat-simple-breaks --with mdformat-web --with mdformat-gfm-alerts --with mdformat-toc"

[[tools."pipx:pre-commit"]]
version = "4.5.1"
backend = "pipx:pre-commit"

[[tools.prettier]]
version = "3.8.3"
backend = "npm:prettier"

[[tools.protobuf]]
version = "34.0"
backend = "aqua:protocolbuffers/protobuf/protoc"

[tools.protobuf."platforms.linux-arm64"]
checksum = "sha256:f0b8aad28be5ea6150c082f96ac57e028154afb9ee29f4ce092b5a39df8ae6c8"
url = "https://github.com/protocolbuffers/protobuf/releases/download/v34.0/protoc-34.0-linux-aarch_64.zip"

[tools.protobuf."platforms.linux-arm64-musl"]
checksum = "sha256:f0b8aad28be5ea6150c082f96ac57e028154afb9ee29f4ce092b5a39df8ae6c8"
url = "https://github.com/protocolbuffers/protobuf/releases/download/v34.0/protoc-34.0-linux-aarch_64.zip"

[tools.protobuf."platforms.linux-x64"]
checksum = "sha256:e9a91b6fcfe4177ec2cd35fc8f15c1e811fa0ecdef9372755cd6d3513d5faaab"
url = "https://github.com/protocolbuffers/protobuf/releases/download/v34.0/protoc-34.0-linux-x86_64.zip"

[tools.protobuf."platforms.linux-x64-baseline"]
checksum = "sha256:e9a91b6fcfe4177ec2cd35fc8f15c1e811fa0ecdef9372755cd6d3513d5faaab"
url = "https://github.com/protocolbuffers/protobuf/releases/download/v34.0/protoc-34.0-linux-x86_64.zip"

[tools.protobuf."platforms.linux-x64-musl"]
checksum = "sha256:e9a91b6fcfe4177ec2cd35fc8f15c1e811fa0ecdef9372755cd6d3513d5faaab"
url = "https://github.com/protocolbuffers/protobuf/releases/download/v34.0/protoc-34.0-linux-x86_64.zip"

[tools.protobuf."platforms.linux-x64-musl-baseline"]
checksum = "sha256:e9a91b6fcfe4177ec2cd35fc8f15c1e811fa0ecdef9372755cd6d3513d5faaab"
url = "https://github.com/protocolbuffers/protobuf/releases/download/v34.0/protoc-34.0-linux-x86_64.zip"

[tools.protobuf."platforms.macos-arm64"]
checksum = "sha256:3ef35187a3c8aed81ee57e792227e483e558fa56c93fce525e569bff55794c1a"
url = "https://github.com/protocolbuffers/protobuf/releases/download/v34.0/protoc-34.0-osx-aarch_64.zip"

[tools.protobuf."platforms.macos-x64"]
checksum = "sha256:d58fcd413a9ed458283d54023e409fd5cf767da4ed225d1ffaffd83cf2764f53"
url = "https://github.com/protocolbuffers/protobuf/releases/download/v34.0/protoc-34.0-osx-x86_64.zip"

[tools.protobuf."platforms.macos-x64-baseline"]
checksum = "sha256:d58fcd413a9ed458283d54023e409fd5cf767da4ed225d1ffaffd83cf2764f53"
url = "https://github.com/protocolbuffers/protobuf/releases/download/v34.0/protoc-34.0-osx-x86_64.zip"

[tools.protobuf."platforms.windows-x64"]
checksum = "sha256:76ddeb5ae7a31c8f9f7759d3b843a4cadda2150ac037ad0c1794665d6cf31fce"
url = "https://github.com/protocolbuffers/protobuf/releases/download/v34.0/protoc-34.0-win64.zip"

[tools.protobuf."platforms.windows-x64-baseline"]
checksum = "sha256:76ddeb5ae7a31c8f9f7759d3b843a4cadda2150ac037ad0c1794665d6cf31fce"
url = "https://github.com/protocolbuffers/protobuf/releases/download/v34.0/protoc-34.0-win64.zip"

[[tools.protoc]]
version = "34.0"
backend = "aqua:protocolbuffers/protobuf/protoc"

[tools.protoc."platforms.linux-arm64"]
checksum = "sha256:f0b8aad28be5ea6150c082f96ac57e028154afb9ee29f4ce092b5a39df8ae6c8"
url = "https://github.com/protocolbuffers/protobuf/releases/download/v34.0/protoc-34.0-linux-aarch_64.zip"

[tools.protoc."platforms.linux-arm64-musl"]
checksum = "sha256:f0b8aad28be5ea6150c082f96ac57e028154afb9ee29f4ce092b5a39df8ae6c8"
url = "https://github.com/protocolbuffers/protobuf/releases/download/v34.0/protoc-34.0-linux-aarch_64.zip"

[tools.protoc."platforms.linux-x64"]
checksum = "sha256:e9a91b6fcfe4177ec2cd35fc8f15c1e811fa0ecdef9372755cd6d3513d5faaab"
url = "https://github.com/protocolbuffers/protobuf/releases/download/v34.0/protoc-34.0-linux-x86_64.zip"

[tools.protoc."platforms.linux-x64-baseline"]
checksum = "sha256:e9a91b6fcfe4177ec2cd35fc8f15c1e811fa0ecdef9372755cd6d3513d5faaab"
url = "https://github.com/protocolbuffers/protobuf/releases/download/v34.0/protoc-34.0-linux-x86_64.zip"

[tools.protoc."platforms.linux-x64-musl"]
checksum = "sha256:e9a91b6fcfe4177ec2cd35fc8f15c1e811fa0ecdef9372755cd6d3513d5faaab"
url = "https://github.com/protocolbuffers/protobuf/releases/download/v34.0/protoc-34.0-linux-x86_64.zip"

[tools.protoc."platforms.linux-x64-musl-baseline"]
checksum = "sha256:e9a91b6fcfe4177ec2cd35fc8f15c1e811fa0ecdef9372755cd6d3513d5faaab"
url = "https://github.com/protocolbuffers/protobuf/releases/download/v34.0/protoc-34.0-linux-x86_64.zip"

[tools.protoc."platforms.macos-arm64"]
checksum = "sha256:3ef35187a3c8aed81ee57e792227e483e558fa56c93fce525e569bff55794c1a"
url = "https://github.com/protocolbuffers/protobuf/releases/download/v34.0/protoc-34.0-osx-aarch_64.zip"

[tools.protoc."platforms.macos-x64"]
checksum = "sha256:d58fcd413a9ed458283d54023e409fd5cf767da4ed225d1ffaffd83cf2764f53"
url = "https://github.com/protocolbuffers/protobuf/releases/download/v34.0/protoc-34.0-osx-x86_64.zip"

[tools.protoc."platforms.macos-x64-baseline"]
checksum = "sha256:d58fcd413a9ed458283d54023e409fd5cf767da4ed225d1ffaffd83cf2764f53"
url = "https://github.com/protocolbuffers/protobuf/releases/download/v34.0/protoc-34.0-osx-x86_64.zip"

[tools.protoc."platforms.windows-x64"]
checksum = "sha256:76ddeb5ae7a31c8f9f7759d3b843a4cadda2150ac037ad0c1794665d6cf31fce"
url = "https://github.com/protocolbuffers/protobuf/releases/download/v34.0/protoc-34.0-win64.zip"

[tools.protoc."platforms.windows-x64-baseline"]
checksum = "sha256:76ddeb5ae7a31c8f9f7759d3b843a4cadda2150ac037ad0c1794665d6cf31fce"
url = "https://github.com/protocolbuffers/protobuf/releases/download/v34.0/protoc-34.0-win64.zip"

[[tools.python]]
version = "3.14.4"
backend = "core:python"

[tools.python."platforms.linux-arm64"]
checksum = "sha256:b8b597fdb2f8dccdc502c11947b60a4b65eb6bce79cfa60c7ccf9b6e8352c60a"
url = "https://github.com/astral-sh/python-build-standalone/releases/download/20260414/cpython-3.14.4+20260414-aarch64-unknown-linux-gnu-install_only_stripped.tar.gz"
provenance = "github-attestations"

[tools.python."platforms.linux-arm64-musl"]
checksum = "sha256:b8b597fdb2f8dccdc502c11947b60a4b65eb6bce79cfa60c7ccf9b6e8352c60a"
url = "https://github.com/astral-sh/python-build-standalone/releases/download/20260414/cpython-3.14.4+20260414-aarch64-unknown-linux-gnu-install_only_stripped.tar.gz"
provenance = "github-attestations"

[tools.python."platforms.linux-x64"]
checksum = "sha256:fe9a9c32d13870af632cbac3dfc7528ae53597e94472aa4c7d6a42e8166136cd"
url = "https://github.com/astral-sh/python-build-standalone/releases/download/20260414/cpython-3.14.4+20260414-x86_64-unknown-linux-gnu-install_only_stripped.tar.gz"
provenance = "github-attestations"

[tools.python."platforms.linux-x64-baseline"]
checksum = "sha256:fe9a9c32d13870af632cbac3dfc7528ae53597e94472aa4c7d6a42e8166136cd"
url = "https://github.com/astral-sh/python-build-standalone/releases/download/20260414/cpython-3.14.4+20260414-x86_64-unknown-linux-gnu-install_only_stripped.tar.gz"
provenance = "github-attestations"

[tools.python."platforms.linux-x64-musl"]
checksum = "sha256:fe9a9c32d13870af632cbac3dfc7528ae53597e94472aa4c7d6a42e8166136cd"
url = "https://github.com/astral-sh/python-build-standalone/releases/download/20260414/cpython-3.14.4+20260414-x86_64-unknown-linux-gnu-install_only_stripped.tar.gz"
provenance = "github-attestations"

[tools.python."platforms.linux-x64-musl-baseline"]
checksum = "sha256:fe9a9c32d13870af632cbac3dfc7528ae53597e94472aa4c7d6a42e8166136cd"
url = "https://github.com/astral-sh/python-build-standalone/releases/download/20260414/cpython-3.14.4+20260414-x86_64-unknown-linux-gnu-install_only_stripped.tar.gz"
provenance = "github-attestations"

[tools.python."platforms.macos-arm64"]
checksum = "sha256:6f304f4ec30854611f23316578302235fb517cd970519ecdd11a8c4db87fd843"
url = "https://github.com/astral-sh/python-build-standalone/releases/download/20260414/cpython-3.14.4+20260414-aarch64-apple-darwin-install_only_stripped.tar.gz"
provenance = "github-attestations"

[tools.python."platforms.macos-x64"]
checksum = "sha256:d51250a32fa5d9f0799c7bcb71720c27b10a3afd4a7de288120f96085d508a5a"
url = "https://github.com/astral-sh/python-build-standalone/releases/download/20260414/cpython-3.14.4+20260414-x86_64-apple-darwin-install_only_stripped.tar.gz"
provenance = "github-attestations"

[tools.python."platforms.macos-x64-baseline"]
checksum = "sha256:d51250a32fa5d9f0799c7bcb71720c27b10a3afd4a7de288120f96085d508a5a"
url = "https://github.com/astral-sh/python-build-standalone/releases/download/20260414/cpython-3.14.4+20260414-x86_64-apple-darwin-install_only_stripped.tar.gz"
provenance = "github-attestations"

[tools.python."platforms.windows-x64"]
checksum = "sha256:a976991dcd085c1bb5d9a8084823a6bc8b7f9b079d8c432574a6ddd68c3a6fe1"
url = "https://github.com/astral-sh/python-build-standalone/releases/download/20260414/cpython-3.14.4+20260414-x86_64-pc-windows-msvc-install_only_stripped.tar.gz"
provenance = "github-attestations"

[tools.python."platforms.windows-x64-baseline"]
checksum = "sha256:a976991dcd085c1bb5d9a8084823a6bc8b7f9b079d8c432574a6ddd68c3a6fe1"
url = "https://github.com/astral-sh/python-build-standalone/releases/download/20260414/cpython-3.14.4+20260414-x86_64-pc-windows-msvc-install_only_stripped.tar.gz"
provenance = "github-attestations"

[[tools.rust]]
version = "stable"
backend = "core:rust"

[[tools.zig]]
version = "0.16.0"
backend = "core:zig"

[tools.zig."platforms.linux-arm64"]
checksum = "sha256:ea4b09bfb22ec6f6c6ceac57ab63efb6b46e17ab08d21f69f3a48b38e1534f17"
url = "https://ziglang.org/download/0.16.0/zig-aarch64-linux-0.16.0.tar.xz"

[tools.zig."platforms.linux-arm64-musl"]
checksum = "sha256:ea4b09bfb22ec6f6c6ceac57ab63efb6b46e17ab08d21f69f3a48b38e1534f17"
url = "https://ziglang.org/download/0.16.0/zig-aarch64-linux-0.16.0.tar.xz"

[tools.zig."platforms.linux-x64"]
checksum = "sha256:70e49664a74374b48b51e6f3fdfbf437f6395d42509050588bd49abe52ba3d00"
url = "https://ziglang.org/download/0.16.0/zig-x86_64-linux-0.16.0.tar.xz"

[tools.zig."platforms.linux-x64-baseline"]
checksum = "sha256:70e49664a74374b48b51e6f3fdfbf437f6395d42509050588bd49abe52ba3d00"
url = "https://ziglang.org/download/0.16.0/zig-x86_64-linux-0.16.0.tar.xz"

[tools.zig."platforms.linux-x64-musl"]
checksum = "sha256:70e49664a74374b48b51e6f3fdfbf437f6395d42509050588bd49abe52ba3d00"
url = "https://ziglang.org/download/0.16.0/zig-x86_64-linux-0.16.0.tar.xz"

[tools.zig."platforms.linux-x64-musl-baseline"]
checksum = "sha256:70e49664a74374b48b51e6f3fdfbf437f6395d42509050588bd49abe52ba3d00"
url = "https://ziglang.org/download/0.16.0/zig-x86_64-linux-0.16.0.tar.xz"

[tools.zig."platforms.macos-arm64"]
checksum = "sha256:b23d70deaa879b5c2d486ed3316f7eaa53e84acf6fc9cc747de152450d401489"
url = "https://ziglang.org/download/0.16.0/zig-aarch64-macos-0.16.0.tar.xz"
provenance = "minisign"

[tools.zig."platforms.macos-x64"]
checksum = "sha256:0387557ed1877bc6a2e1802c8391953baddba76081876301c522f52977b52ba7"
url = "https://ziglang.org/download/0.16.0/zig-x86_64-macos-0.16.0.tar.xz"

[tools.zig."platforms.macos-x64-baseline"]
checksum = "sha256:0387557ed1877bc6a2e1802c8391953baddba76081876301c522f52977b52ba7"
url = "https://ziglang.org/download/0.16.0/zig-x86_64-macos-0.16.0.tar.xz"

[tools.zig."platforms.windows-x64"]
checksum = "sha256:68659eb5f1e4eb1437a722f1dd889c5a322c9954607f5edcf337bc3684a75a7e"
url = "https://ziglang.org/download/0.16.0/zig-x86_64-windows-0.16.0.zip"

[tools.zig."platforms.windows-x64-baseline"]
checksum = "sha256:68659eb5f1e4eb1437a722f1dd889c5a322c9954607f5edcf337bc3684a75a7e"
url = "https://ziglang.org/download/0.16.0/zig-x86_64-windows-0.16.0.zip"
